{
    "doctrine/doctrine-migrations-bundle": {
        "version": "1.2",
        "recipe": {
            "repo": "github.com/symfony/recipes",
            "branch": "master",
            "version": "1.2",
            "ref": "c1431086fec31f17fbcfe6d6d7e92059458facc1"
        }
    },
    "doctrine/migrations": {
        "version": "v1.6.2"
    },
    "ocramius/proxy-manager": {
        "version": "2.1.1"
    },
    "symfony/flex": {
        "version": "1.0",
        "recipe": {
            "repo": "github.com/symfony/recipes",
            "branch": "master",
            "version": "1.0",
            "ref": "cc1afd81841db36fbef982fe56b48ade6716fac4"
        }
    },
    "symfony/lts": {
        "version": "v3"
    },
    "symfony/proxy-manager-bridge": {
        "version": "v3.4.4"
    },
    "zendframework/zend-code": {
        "version": "3.3.0"
    },
    "zendframework/zend-eventmanager": {
        "version": "3.2.0"
    }
}
